# @generated by Move, please check-in and do not edit manually.

[move]
version = 3
manifest_digest = "145ED0C4B7E8009CB22E1D048C9125BA7FFFE35ED6CAECA0C5C58DE7335BFE06"
deps_digest = "F8BBB0CCB2491CA29A3DF03D6F92277A4F3574266507ACD77214D37ECA3F3082"
dependencies = [
  { id = "Sui", name = "Sui" },
]

[[move.package]]
id = "MoveStdlib"
source = { git = "https://github.com/MystenLabs/sui.git", rev = "framework/testnet", subdir = "crates/sui-framework/packages/move-stdlib" }

[[move.package]]
id = "Sui"
source = { git = "https://github.com/MystenLabs/sui.git", rev = "framework/testnet", subdir = "crates/sui-framework/packages/sui-framework" }

dependencies = [
  { id = "MoveStdlib", name = "MoveStdlib" },
]

[move.toolchain-version]
compiler-version = "1.42.1"
edition = "2024"
flavor = "sui"

[env]

[env.devnet]
chain-id = "5c7c5411"
original-published-id = "0xa657e998ea3a9c9853af10c35b1a7e6a2c57e593a9636770820a22576b6217fa"
latest-published-id = "0xa657e998ea3a9c9853af10c35b1a7e6a2c57e593a9636770820a22576b6217fa"
published-version = "1"
